github.com/mayuedong/unit v0.0.0-20231104063150-82e3f6d3177e h1:VvmKLlDjAtV0z++1ug8zd9kjC1Ev81Zg5Jx/+SkCvAM=
github.com/mayuedong/unit v0.0.0-20231104063150-82e3f6d3177e/go.mod h1:21To04ngY5qsscuD8nj5Tw0XXa15anJq4p2cpsUMABg=
golang.org/x/sys v0.13.0 h1:Af8nKPmuFypiUBjVoU9V20FiaFXOcuZI21p0ycVYYGE=
golang.org/x/sys v0.13.0/go.mod h1:oPkhp1MJrh7nUepCBck5+mAzfO9JrbApNNgaTdGDITg=
